<Solution>
  <Project Path="BCG_BuildingGen.Editor.csproj" />
  <Project Path="BCG_BuildingGen.Runtime.csproj" />
  <Project Path="Assembly-CSharp.csproj" />
  <Project Path="Assembly-CSharp-Editor.csproj" />
  <Project Path="MeshyAssembly.csproj" />
  <Project Path="BCG_BuildingGen.Demo.csproj" />
  <Project Path="BCG_BuildingGen.Tests.csproj" />
</Solution>
